// !$*UTF8*$!
{
	archiveVersion = 1;
	classes = {
	};
	objectVersion = 50;
	objects = {

/* Begin PBXBuildFile section */
		3CB2581E20E2E2A700C83D19 /* AppDelegate.swift in Sources */ = {isa = PBXBuildFile; fileRef = 3CB2581D20E2E2A700C83D19 /* AppDelegate.swift */; };
		3CB2582020E2E2A700C83D19 /* ViewController.swift in Sources */ = {isa = PBXBuildFile; fileRef = 3CB2581F20E2E2A700C83D19 /* ViewController.swift */; };
		3CB2582320E2E2A700C83D19 /* Main.storyboard in Resources */ = {isa = PBXBuildFile; fileRef = 3CB2582120E2E2A700C83D19 /* Main.storyboard */; };
		3CB2582520E2E2A800C83D19 /* Assets.xcassets in Resources */ = {isa = PBXBuildFile; fileRef = 3CB2582420E2E2A800C83D19 /* Assets.xcassets */; };
		3CB2582820E2E2A800C83D19 /* LaunchScreen.storyboard in Resources */ = {isa = PBXBuildFile; fileRef = 3CB2582620E2E2A800C83D19 /* LaunchScreen.storyboard */; };
/* End PBXBuildFile section */

/* Begin PBXFileReference section */
		3CB2581A20E2E2A700C83D19 /* HelloBaby.app */ = {isa = PBXFileReference; explicitFileType = wrapper.application; includeInIndex = 0; path = HelloBaby.app; sourceTree = BUILT_PRODUCTS_DIR; };
		3CB2581D20E2E2A700C83D19 /* AppDelegate.swift */ = {isa = PBXFileReference; lastKnownFileType = sourcecode.swift; path = AppDelegate.swift; sourceTree = "<group>"; };
		3CB2581F20E2E2A700C83D19 /* ViewController.swift */ = {isa = PBXFileReference; lastKnownFileType = sourcecode.swift; path = ViewController.swift; sourceTree = "<group>"; };
		3CB2582220E2E2A700C83D19 /* Base */ = {isa = PBXFileReference; lastKnownFileType = file.storyboard; name = Base; path = Base.lproj/Main.storyboard; sourceTree = "<group>"; };
		3CB2582420E2E2A800C83D19 /* Assets.xcassets */ = {isa = PBXFileReference; lastKnownFileType = folder.assetcatalog; path = Assets.xcassets; sourceTree = "<group>"; };
		3CB2582720E2E2A800C83D19 /* Base */ = {isa = PBXFileReference; lastKnownFileType = file.storyboard; name = Base; path = Base.lproj/LaunchScreen.storyboard; sourceTree = "<group>"; };
		3CB2582920E2E2A800C83D19 /* Info.plist */ = {isa = PBXFileReference; lastKnownFileType = text.plist.xml; path = Info.plist; sourceTree = "<group>"; };
/* End PBXFileReference section */

/* Begin PBXFrameworksBuildPhase section */
		3CB2581720E2E2A700C83D19 /* Frameworks */ = {
			isa = PBXFrameworksBuildPhase;
			buildActionMask = 2147483647;
			files = (
			);
			runOnlyForDeploymentPostprocessing = 0;
		};
/* End PBXFrameworksBuildPhase section */

/* Begin PBXGroup section */
		3CB2581120E2E2A700C83D19 = {
			isa = PBXGroup;
			children = (
				3CB2581C20E2E2A700C83D19 /* HelloBaby */,
				3CB2581B20E2E2A700C83D19 /* Products */,
			);
			sourceTree = "<group>";
		};
		3CB2581B20E2E2A700C83D19 /* Products */ = {
			isa = PBXGroup;
			children = (
				3CB2581A20E2E2A700C83D19 /* HelloBaby.app */,
			);
			name = Products;
			sourceTree = "<group>";
		};
		3CB2581C20E2E2A700C83D19 /* HelloBaby */ = {
			isa = PBXGroup;
			children = (
				3CB2583620E2E3D300C83D19 /* Global */,
				3CB2583520E2E38100C83D19 /* Configrations */,
				3CB2583420E2E36A00C83D19 /* XIB Files */,
				3CB2583320E2E33100C83D19 /* Custom_Components */,
				3CB2583220E2E32100C83D19 /* API */,
				3CB2583120E2E2FB00C83D19 /* Cell_Model */,
				3CB2583020E2E2E800C83D19 /* Data_Model */,
				3CB2582F20E2E2C900C83D19 /* Application_Flow */,
				3CB2581D20E2E2A700C83D19 /* AppDelegate.swift */,
				3CB2582120E2E2A700C83D19 /* Main.storyboard */,
				3CB2582420E2E2A800C83D19 /* Assets.xcassets */,
				3CB2582620E2E2A800C83D19 /* LaunchScreen.storyboard */,
				3CB2582920E2E2A800C83D19 /* Info.plist */,
			);
			path = HelloBaby;
			sourceTree = "<group>";
		};
		3CB2582F20E2E2C900C83D19 /* Application_Flow */ = {
			isa = PBXGroup;
			children = (
				3CB2581F20E2E2A700C83D19 /* ViewController.swift */,
			);
			path = Application_Flow;
			sourceTree = "<group>";
		};
		3CB2583020E2E2E800C83D19 /* Data_Model */ = {
			isa = PBXGroup;
			children = (
			);
			path = Data_Model;
			sourceTree = "<group>";
		};
		3CB2583120E2E2FB00C83D19 /* Cell_Model */ = {
			isa = PBXGroup;
			children = (
			);
			path = Cell_Model;
			sourceTree = "<group>";
		};
		3CB2583220E2E32100C83D19 /* API */ = {
			isa = PBXGroup;
			children = (
			);
			path = API;
			sourceTree = "<group>";
		};
		3CB2583320E2E33100C83D19 /* Custom_Components */ = {
			isa = PBXGroup;
			children = (
			);
			path = Custom_Components;
			sourceTree = "<group>";
		};
		3CB2583420E2E36A00C83D19 /* XIB Files */ = {
			isa = PBXGroup;
			children = (
			);
			path = "XIB Files";
			sourceTree = "<group>";
		};
		3CB2583520E2E38100C83D19 /* Configrations */ = {
			isa = PBXGroup;
			children = (
			);
			path = Configrations;
			sourceTree = "<group>";
		};
		3CB2583620E2E3D300C83D19 /* Global */ = {
			isa = PBXGroup;
			children = (
			);
			path = Global;
			sourceTree = "<group>";
		};
/* End PBXGroup section */

/* Begin PBXNativeTarget section */
		3CB2581920E2E2A700C83D19 /* HelloBaby */ = {
			isa = PBXNativeTarget;
			buildConfigurationList = 3CB2582C20E2E2A800C83D19 /* Build configuration list for PBXNativeTarget "HelloBaby" */;
			buildPhases = (
				3CB2581620E2E2A700C83D19 /* Sources */,
				3CB2581720E2E2A700C83D19 /* Frameworks */,
				3CB2581820E2E2A700C83D19 /* Resources */,
			);
			buildRules = (
			);
			dependencies = (
			);
			name = HelloBaby;
			productName = HelloBaby;
			productReference = 3CB2581A20E2E2A700C83D19 /* HelloBaby.app */;
			productType = "com.apple.product-type.application";
		};
/* End PBXNativeTarget section */

/* Begin PBXProject section */
		3CB2581220E2E2A700C83D19 /* Project object */ = {
			isa = PBXProject;
			attributes = {
				LastSwiftUpdateCheck = 0940;
				LastUpgradeCheck = 0940;
				ORGANIZATIONNAME = HelloBaby;
				TargetAttributes = {
					3CB2581920E2E2A700C83D19 = {
						CreatedOnToolsVersion = 9.4;
					};
				};
			};
			buildConfigurationList = 3CB2581520E2E2A700C83D19 /* Build configuration list for PBXProject "HelloBaby" */;
			compatibilityVersion = "Xcode 9.3";
			developmentRegion = en;
			hasScannedForEncodings = 0;
			knownRegions = (
				en,
				Base,
			);
			mainGroup = 3CB2581120E2E2A700C83D19;
			productRefGroup = 3CB2581B20E2E2A700C83D19 /* Products */;
			projectDirPath = "";
			projectRoot = "";
			targets = (
				3CB2581920E2E2A700C83D19 /* HelloBaby */,
			);
		};
/* End PBXProject section */

/* Begin PBXResourcesBuildPhase section */
		3CB2581820E2E2A700C83D19 /* Resources */ = {
			isa = PBXResourcesBuildPhase;
			buildActionMask = 2147483647;
			files = (
				3CB2582820E2E2A800C83D19 /* LaunchScreen.storyboard in Resources */,
				3CB2582520E2E2A800C83D19 /* Assets.xcassets in Resources */,
				3CB2582320E2E2A700C83D19 /* Main.storyboard in Resources */,
			);
			runOnlyForDeploymentPostprocessing = 0;
		};
/* End PBXResourcesBuildPhase section */

/* Begin PBXSourcesBuildPhase section */
		3CB2581620E2E2A700C83D19 /* Sources */ = {
			isa = PBXSourcesBuildPhase;
			buildActionMask = 2147483647;
			files = (
				3CB2582020E2E2A700C83D19 /* ViewController.swift in Sources */,
				3CB2581E20E2E2A700C83D19 /* AppDelegate.swift in Sources */,
			);
			runOnlyForDeploymentPostprocessing = 0;
		};
/* End PBXSourcesBuildPhase section */

/* Begin PBXVariantGroup section */
		3CB2582120E2E2A700C83D19 /* Main.storyboard */ = {
			isa = PBXVariantGroup;
			children = (
				3CB2582220E2E2A700C83D19 /* Base */,
			);
			name = Main.storyboard;
			sourceTree = "<group>";
		};
		3CB2582620E2E2A800C83D19 /* LaunchScreen.storyboard */ = {
			isa = PBXVariantGroup;
			children = (
				3CB2582720E2E2A800C83D19 /* Base */,
			);
			name = LaunchScreen.storyboard;
			sourceTree = "<group>";
		};
/* End PBXVariantGroup section */

/* Begin XCBuildConfiguration section */
		3CB2582A20E2E2A800C83D19 /* Debug */ = {
			isa = XCBuildConfiguration;
			buildSettings = {
				ALWAYS_SEARCH_USER_PATHS = NO;
				CLANG_ANALYZER_NONNULL = YES;
				CLANG_ANALYZER_NUMBER_OBJECT_CONVERSION = YES_AGGRESSIVE;
				CLANG_CXX_LANGUAGE_STANDARD = "gnu++14";
				CLANG_CXX_LIBRARY = "libc++";
				CLANG_ENABLE_MODULES = YES;
				CLANG_ENABLE_OBJC_ARC = YES;
				CLANG_ENABLE_OBJC_WEAK = YES;
				CLANG_WARN_BLOCK_CAPTURE_AUTORELEASING = YES;
				CLANG_WARN_BOOL_CONVERSION = YES;
				CLANG_WARN_COMMA = YES;
				CLANG_WARN_CONSTANT_CONVERSION = YES;
				CLANG_WARN_DEPRECATED_OBJC_IMPLEMENTATIONS = YES;
				CLANG_WARN_DIRECT_OBJC_ISA_USAGE = YES_ERROR;
				CLANG_WARN_DOCUMENTATION_COMMENTS = YES;
				CLANG_WARN_EMPTY_BODY = YES;
				CLANG_WARN_ENUM_CONVERSION = YES;
				CLANG_WARN_INFINITE_RECURSION = YES;
				CLANG_WARN_INT_CONVERSION = YES;
				CLANG_WARN_NON_LITERAL_NULL_CONVERSION = YES;
				CLANG_WARN_OBJC_IMPLICIT_RETAIN_SELF = YES;
				CLANG_WARN_OBJC_LITERAL_CONVERSION = YES;
				CLANG_WARN_OBJC_ROOT_CLASS = YES_ERROR;
				CLANG_WARN_RANGE_LOOP_ANALYSIS = YES;
				CLANG_WARN_STRICT_PROTOTYPES = YES;
				CLANG_WARN_SUSPICIOUS_MOVE = YES;
				CLANG_WARN_UNGUARDED_AVAILABILITY = YES_AGGRESSIVE;
				CLANG_WARN_UNREACHABLE_CODE = YES;
				CLANG_WARN__DUPLICATE_METHOD_MATCH = YES;
				CODE_SIGN_IDENTITY = "iPhone Developer";
				COPY_PHASE_STRIP = NO;
				DEBUG_INFORMATION_FORMAT = dwarf;
				ENABLE_STRICT_OBJC_MSGSEND = YES;
				ENABLE_TESTABILITY = YES;
				GCC_C_LANGUAGE_STANDARD = gnu11;
				GCC_DYNAMIC_NO_PIC = NO;
				GCC_NO_COMMON_BLOCKS = YES;
				GCC_OPTIMIZATION_LEVEL = 0;
				GCC_PREPROCESSOR_DEFINITIONS = (
					"DEBUG=1",
					"$(inherited)",
				);
				GCC_WARN_64_TO_32_BIT_CONVERSION = YES;
				GCC_WARN_ABOUT_RETURN_TYPE = YES_ERROR;
				GCC_WARN_UNDECLARED_SELECTOR = YES;
				GCC_WARN_UNINITIALIZED_AUTOS = YES_AGGRESSIVE;
				GCC_WARN_UNUSED_FUNCTION = YES;
				GCC_WARN_UNUSED_VARIABLE = YES;
				IPHONEOS_DEPLOYMENT_TARGET = 11.4;
				MTL_ENABLE_DEBUG_INFO = YES;
				ONLY_ACTIVE_ARCH = YES;
				SDKROOT = iphoneos;
				SWIFT_ACTIVE_COMPILATION_CONDITIONS = DEBUG;
				SWIFT_OPTIMIZATION_LEVEL = "-Onone";
			};
			name = Debug;
		};
		3CB2582B20E2E2A800C83D19 /* Release */ = {
			isa = XCBuildConfiguration;
			buildSettings = {
				ALWAYS_SEARCH_USER_PATHS = NO;
				CLANG_ANALYZER_NONNULL = YES;
				CLANG_ANALYZER_NUMBER_OBJECT_CONVERSION = YES_AGGRESSIVE;
				CLANG_CXX_LANGUAGE_STANDARD = "gnu++14";
				CLANG_CXX_LIBRARY = "libc++";
				CLANG_ENABLE_MODULES = YES;
				CLANG_ENABLE_OBJC_ARC = YES;
				CLANG_ENABLE_OBJC_WEAK = YES;
				CLANG_WARN_BLOCK_CAPTURE_AUTORELEASING = YES;
				CLANG_WARN_BOOL_CONVERSION = YES;
				CLANG_WARN_COMMA = YES;
				CLANG_WARN_CONSTANT_CONVERSION = YES;
				CLANG_WARN_DEPRECATED_OBJC_IMPLEMENTATIONS = YES;
				CLANG_WARN_DIRECT_OBJC_ISA_USAGE = YES_ERROR;
				CLANG_WARN_DOCUMENTATION_COMMENTS = YES;
				CLANG_WARN_EMPTY_BODY = YES;
				CLANG_WARN_ENUM_CONVERSION = YES;
				CLANG_WARN_INFINITE_RECURSION = YES;
				CLANG_WARN_INT_CONVERSION = YES;
				CLANG_WARN_NON_LITERAL_NULL_CONVERSION = YES;
				CLANG_WARN_OBJC_IMPLICIT_RETAIN_SELF = YES;
				CLANG_WARN_OBJC_LITERAL_CONVERSION = YES;
				CLANG_WARN_OBJC_ROOT_CLASS = YES_ERROR;
				CLANG_WARN_RANGE_LOOP_ANALYSIS = YES;
				CLANG_WARN_STRICT_PROTOTYPES = YES;
				CLANG_WARN_SUSPICIOUS_MOVE = YES;
				CLANG_WARN_UNGUARDED_AVAILABILITY = YES_AGGRESSIVE;
				CLANG_WARN_UNREACHABLE_CODE = YES;
				CLANG_WARN__DUPLICATE_METHOD_MATCH = YES;
				CODE_SIGN_IDENTITY = "iPhone Developer";
				COPY_PHASE_STRIP = NO;
				DEBUG_INFORMATION_FORMAT = "dwarf-with-dsym";
				ENABLE_NS_ASSERTIONS = NO;
				ENABLE_STRICT_OBJC_MSGSEND = YES;
				GCC_C_LANGUAGE_STANDARD = gnu11;
				GCC_NO_COMMON_BLOCKS = YES;
				GCC_WARN_64_TO_32_BIT_CONVERSION = YES;
				GCC_WARN_ABOUT_RETURN_TYPE = YES_ERROR;
				GCC_WARN_UNDECLARED_SELECTOR = YES;
				GCC_WARN_UNINITIALIZED_AUTOS = YES_AGGRESSIVE;
				GCC_WARN_UNUSED_FUNCTION = YES;
				GCC_WARN_UNUSED_VARIABLE = YES;
				IPHONEOS_DEPLOYMENT_TARGET = 11.4;
				MTL_ENABLE_DEBUG_INFO = NO;
				SDKROOT = iphoneos;
				SWIFT_COMPILATION_MODE = wholemodule;
				SWIFT_OPTIMIZATION_LEVEL = "-O";
				VALIDATE_PRODUCT = YES;
			};
			name = Release;
		};
		3CB2582D20E2E2A800C83D19 /* Debug */ = {
			isa = XCBuildConfiguration;
			buildSettings = {
				ASSETCATALOG_COMPILER_APPICON_NAME = AppIcon;
				CODE_SIGN_STYLE = Automatic;
				DEVELOPMENT_TEAM = MVN4X927Q6;
				INFOPLIST_FILE = HelloBaby/Info.plist;
				LD_RUNPATH_SEARCH_PATHS = (
					"$(inherited)",
					"@executable_path/Frameworks",
				);
				PRODUCT_BUNDLE_IDENTIFIER = com.hellobaby.HelloBaby;
				PRODUCT_NAME = "$(TARGET_NAME)";
				SWIFT_VERSION = 4.0;
				TARGETED_DEVICE_FAMILY = "1,2";
			};
			name = Debug;
		};
		3CB2582E20E2E2A800C83D19 /* Release */ = {
			isa = XCBuildConfiguration;
			buildSettings = {
				ASSETCATALOG_COMPILER_APPICON_NAME = AppIcon;
				CODE_SIGN_STYLE = Automatic;
				DEVELOPMENT_TEAM = MVN4X927Q6;
				INFOPLIST_FILE = HelloBaby/Info.plist;
				LD_RUNPATH_SEARCH_PATHS = (
					"$(inherited)",
					"@executable_path/Frameworks",
				);
				PRODUCT_BUNDLE_IDENTIFIER = com.hellobaby.HelloBaby;
				PRODUCT_NAME = "$(TARGET_NAME)";
				SWIFT_VERSION = 4.0;
				TARGETED_DEVICE_FAMILY = "1,2";
			};
			name = Release;
		};
/* End XCBuildConfiguration section */

/* Begin XCConfigurationList section */
		3CB2581520E2E2A700C83D19 /* Build configuration list for PBXProject "HelloBaby" */ = {
			isa = XCConfigurationList;
			buildConfigurations = (
				3CB2582A20E2E2A800C83D19 /* Debug */,
				3CB2582B20E2E2A800C83D19 /* Release */,
			);
			defaultConfigurationIsVisible = 0;
			defaultConfigurationName = Release;
		};
		3CB2582C20E2E2A800C83D19 /* Build configuration list for PBXNativeTarget "HelloBaby" */ = {
			isa = XCConfigurationList;
			buildConfigurations = (
				3CB2582D20E2E2A800C83D19 /* Debug */,
				3CB2582E20E2E2A800C83D19 /* Release */,
			);
			defaultConfigurationIsVisible = 0;
			defaultConfigurationName = Release;
		};
/* End XCConfigurationList section */
	};
	rootObject = 3CB2581220E2E2A700C83D19 /* Project object */;
}
